github.com/songlinm/basiccalc/calc v0.0.0-20210430170904-07b0dfb4dc49 h1:GN5iyZ9XCtqVPLRI2LjvX/6nLjbk4836ecUPehEIbjc=
github.com/songlinm/basiccalc/calc v0.0.0-20210430170904-07b0dfb4dc49/go.mod h1:T51dIvMqCsAUrJ3sEb4oNxDDl9jGanz3/IdYQJ4ubO4=
github.com/songlinm/basiccalc/calc v0.0.0-20210430215429-5c2fb3a53411 h1:UobVPMShOXh/1WApA5S8fZK6RFevRkY9sp3cJQ8vMCk=
github.com/songlinm/basiccalc/calc v0.0.0-20210430215429-5c2fb3a53411/go.mod h1:T51dIvMqCsAUrJ3sEb4oNxDDl9jGanz3/IdYQJ4ubO4=
